// !$*UTF8*$!
{
	archiveVersion = 1;
	classes = {
	};
	objectVersion = 56;
	objects = {

/* Begin PBXBuildFile section */
		0400066D2AF4B38900008D3A /* AppDelegate.swift in Sources */ = {isa = PBXBuildFile; fileRef = 0400066C2AF4B38900008D3A /* AppDelegate.swift */; };
		0400066F2AF4B38900008D3A /* SceneDelegate.swift in Sources */ = {isa = PBXBuildFile; fileRef = 0400066E2AF4B38900008D3A /* SceneDelegate.swift */; };
		040006712AF4B38900008D3A /* ViewController.swift in Sources */ = {isa = PBXBuildFile; fileRef = 040006702AF4B38900008D3A /* ViewController.swift */; };
		040006762AF4B38A00008D3A /* Assets.xcassets in Resources */ = {isa = PBXBuildFile; fileRef = 040006752AF4B38A00008D3A /* Assets.xcassets */; };
		040006792AF4B38A00008D3A /* LaunchScreen.storyboard in Resources */ = {isa = PBXBuildFile; fileRef = 040006772AF4B38A00008D3A /* LaunchScreen.storyboard */; };
		040006812AF4B3D800008D3A /* CartViewViewController.swift in Sources */ = {isa = PBXBuildFile; fileRef = 040006802AF4B3D800008D3A /* CartViewViewController.swift */; };
		040006842AF4B4CA00008D3A /* SnapKit in Frameworks */ = {isa = PBXBuildFile; productRef = 040006832AF4B4CA00008D3A /* SnapKit */; };
		040006862AF4B4CA00008D3A /* SnapKit-Dynamic in Frameworks */ = {isa = PBXBuildFile; productRef = 040006852AF4B4CA00008D3A /* SnapKit-Dynamic */; };
		040006892AF4B4D400008D3A /* Then in Frameworks */ = {isa = PBXBuildFile; productRef = 040006882AF4B4D400008D3A /* Then */; };
		0400068B2AF4B5B800008D3A /* PizzaInfo.swift in Sources */ = {isa = PBXBuildFile; fileRef = 0400068A2AF4B5B800008D3A /* PizzaInfo.swift */; };
		0400068F2AF4C62900008D3A /* ItemListTableViewCell.swift in Sources */ = {isa = PBXBuildFile; fileRef = 0400068E2AF4C62900008D3A /* ItemListTableViewCell.swift */; };
		040006912AF4E29B00008D3A /* data.swift in Sources */ = {isa = PBXBuildFile; fileRef = 040006902AF4E29B00008D3A /* data.swift */; };
/* End PBXBuildFile section */

/* Begin PBXFileReference section */
		040006692AF4B38900008D3A /* baemin.app */ = {isa = PBXFileReference; explicitFileType = wrapper.application; includeInIndex = 0; path = baemin.app; sourceTree = BUILT_PRODUCTS_DIR; };
		0400066C2AF4B38900008D3A /* AppDelegate.swift */ = {isa = PBXFileReference; lastKnownFileType = sourcecode.swift; path = AppDelegate.swift; sourceTree = "<group>"; };
		0400066E2AF4B38900008D3A /* SceneDelegate.swift */ = {isa = PBXFileReference; lastKnownFileType = sourcecode.swift; path = SceneDelegate.swift; sourceTree = "<group>"; };
		040006702AF4B38900008D3A /* ViewController.swift */ = {isa = PBXFileReference; lastKnownFileType = sourcecode.swift; path = ViewController.swift; sourceTree = "<group>"; };
		040006752AF4B38A00008D3A /* Assets.xcassets */ = {isa = PBXFileReference; lastKnownFileType = folder.assetcatalog; path = Assets.xcassets; sourceTree = "<group>"; };
		040006782AF4B38A00008D3A /* Base */ = {isa = PBXFileReference; lastKnownFileType = file.storyboard; name = Base; path = Base.lproj/LaunchScreen.storyboard; sourceTree = "<group>"; };
		0400067A2AF4B38A00008D3A /* Info.plist */ = {isa = PBXFileReference; lastKnownFileType = text.plist.xml; path = Info.plist; sourceTree = "<group>"; };
		040006802AF4B3D800008D3A /* CartViewViewController.swift */ = {isa = PBXFileReference; lastKnownFileType = sourcecode.swift; path = CartViewViewController.swift; sourceTree = "<group>"; };
		0400068A2AF4B5B800008D3A /* PizzaInfo.swift */ = {isa = PBXFileReference; lastKnownFileType = sourcecode.swift; path = PizzaInfo.swift; sourceTree = "<group>"; };
		0400068E2AF4C62900008D3A /* ItemListTableViewCell.swift */ = {isa = PBXFileReference; lastKnownFileType = sourcecode.swift; path = ItemListTableViewCell.swift; sourceTree = "<group>"; };
		040006902AF4E29B00008D3A /* data.swift */ = {isa = PBXFileReference; lastKnownFileType = sourcecode.swift; path = data.swift; sourceTree = "<group>"; };
/* End PBXFileReference section */

/* Begin PBXFrameworksBuildPhase section */
		040006662AF4B38900008D3A /* Frameworks */ = {
			isa = PBXFrameworksBuildPhase;
			buildActionMask = 2147483647;
			files = (
				040006842AF4B4CA00008D3A /* SnapKit in Frameworks */,
				040006892AF4B4D400008D3A /* Then in Frameworks */,
				040006862AF4B4CA00008D3A /* SnapKit-Dynamic in Frameworks */,
			);
			runOnlyForDeploymentPostprocessing = 0;
		};
/* End PBXFrameworksBuildPhase section */

/* Begin PBXGroup section */
		040006602AF4B38900008D3A = {
			isa = PBXGroup;
			children = (
				0400066B2AF4B38900008D3A /* carrotmarket */,
				0400066A2AF4B38900008D3A /* Products */,
			);
			sourceTree = "<group>";
		};
		0400066A2AF4B38900008D3A /* Products */ = {
			isa = PBXGroup;
			children = (
				040006692AF4B38900008D3A /* baemin.app */,
			);
			name = Products;
			sourceTree = "<group>";
		};
		0400066B2AF4B38900008D3A /* carrotmarket */ = {
			isa = PBXGroup;
			children = (
				0400066C2AF4B38900008D3A /* AppDelegate.swift */,
				0400066E2AF4B38900008D3A /* SceneDelegate.swift */,
				040006702AF4B38900008D3A /* ViewController.swift */,
				040006752AF4B38A00008D3A /* Assets.xcassets */,
				040006772AF4B38A00008D3A /* LaunchScreen.storyboard */,
				0400067A2AF4B38A00008D3A /* Info.plist */,
				040006802AF4B3D800008D3A /* CartViewViewController.swift */,
				0400068A2AF4B5B800008D3A /* PizzaInfo.swift */,
				0400068E2AF4C62900008D3A /* ItemListTableViewCell.swift */,
				040006902AF4E29B00008D3A /* data.swift */,
			);
			path = carrotmarket;
			sourceTree = "<group>";
		};
/* End PBXGroup section */

/* Begin PBXNativeTarget section */
		040006682AF4B38900008D3A /* baemin */ = {
			isa = PBXNativeTarget;
			buildConfigurationList = 0400067D2AF4B38A00008D3A /* Build configuration list for PBXNativeTarget "baemin" */;
			buildPhases = (
				040006652AF4B38900008D3A /* Sources */,
				040006662AF4B38900008D3A /* Frameworks */,
				040006672AF4B38900008D3A /* Resources */,
			);
			buildRules = (
			);
			dependencies = (
			);
			name = baemin;
			packageProductDependencies = (
				040006832AF4B4CA00008D3A /* SnapKit */,
				040006852AF4B4CA00008D3A /* SnapKit-Dynamic */,
				040006882AF4B4D400008D3A /* Then */,
			);
			productName = carrotmarket;
			productReference = 040006692AF4B38900008D3A /* baemin.app */;
			productType = "com.apple.product-type.application";
		};
/* End PBXNativeTarget section */

/* Begin PBXProject section */
		040006612AF4B38900008D3A /* Project object */ = {
			isa = PBXProject;
			attributes = {
				BuildIndependentTargetsInParallel = 1;
				LastSwiftUpdateCheck = 1500;
				LastUpgradeCheck = 1500;
				TargetAttributes = {
					040006682AF4B38900008D3A = {
						CreatedOnToolsVersion = 15.0.1;
					};
				};
			};
			buildConfigurationList = 040006642AF4B38900008D3A /* Build configuration list for PBXProject "baemin" */;
			compatibilityVersion = "Xcode 14.0";
			developmentRegion = en;
			hasScannedForEncodings = 0;
			knownRegions = (
				en,
				Base,
			);
			mainGroup = 040006602AF4B38900008D3A;
			packageReferences = (
				040006822AF4B4C900008D3A /* XCRemoteSwiftPackageReference "SnapKit" */,
				040006872AF4B4D400008D3A /* XCRemoteSwiftPackageReference "Then" */,
			);
			productRefGroup = 0400066A2AF4B38900008D3A /* Products */;
			projectDirPath = "";
			projectRoot = "";
			targets = (
				040006682AF4B38900008D3A /* baemin */,
			);
		};
/* End PBXProject section */

/* Begin PBXResourcesBuildPhase section */
		040006672AF4B38900008D3A /* Resources */ = {
			isa = PBXResourcesBuildPhase;
			buildActionMask = 2147483647;
			files = (
				040006792AF4B38A00008D3A /* LaunchScreen.storyboard in Resources */,
				040006762AF4B38A00008D3A /* Assets.xcassets in Resources */,
			);
			runOnlyForDeploymentPostprocessing = 0;
		};
/* End PBXResourcesBuildPhase section */

/* Begin PBXSourcesBuildPhase section */
		040006652AF4B38900008D3A /* Sources */ = {
			isa = PBXSourcesBuildPhase;
			buildActionMask = 2147483647;
			files = (
				0400068F2AF4C62900008D3A /* ItemListTableViewCell.swift in Sources */,
				040006712AF4B38900008D3A /* ViewController.swift in Sources */,
				0400066D2AF4B38900008D3A /* AppDelegate.swift in Sources */,
				0400066F2AF4B38900008D3A /* SceneDelegate.swift in Sources */,
				0400068B2AF4B5B800008D3A /* PizzaInfo.swift in Sources */,
				040006812AF4B3D800008D3A /* CartViewViewController.swift in Sources */,
				040006912AF4E29B00008D3A /* data.swift in Sources */,
			);
			runOnlyForDeploymentPostprocessing = 0;
		};
/* End PBXSourcesBuildPhase section */

/* Begin PBXVariantGroup section */
		040006772AF4B38A00008D3A /* LaunchScreen.storyboard */ = {
			isa = PBXVariantGroup;
			children = (
				040006782AF4B38A00008D3A /* Base */,
			);
			name = LaunchScreen.storyboard;
			sourceTree = "<group>";
		};
/* End PBXVariantGroup section */

/* Begin XCBuildConfiguration section */
		0400067B2AF4B38A00008D3A /* Debug */ = {
			isa = XCBuildConfiguration;
			buildSettings = {
				ALWAYS_SEARCH_USER_PATHS = NO;
				ASSETCATALOG_COMPILER_GENERATE_SWIFT_ASSET_SYMBOL_EXTENSIONS = YES;
				CLANG_ANALYZER_NONNULL = YES;
				CLANG_ANALYZER_NUMBER_OBJECT_CONVERSION = YES_AGGRESSIVE;
				CLANG_CXX_LANGUAGE_STANDARD = "gnu++20";
				CLANG_ENABLE_MODULES = YES;
				CLANG_ENABLE_OBJC_ARC = YES;
				CLANG_ENABLE_OBJC_WEAK = YES;
				CLANG_WARN_BLOCK_CAPTURE_AUTORELEASING = YES;
				CLANG_WARN_BOOL_CONVERSION = YES;
				CLANG_WARN_COMMA = YES;
				CLANG_WARN_CONSTANT_CONVERSION = YES;
				CLANG_WARN_DEPRECATED_OBJC_IMPLEMENTATIONS = YES;
				CLANG_WARN_DIRECT_OBJC_ISA_USAGE = YES_ERROR;
				CLANG_WARN_DOCUMENTATION_COMMENTS = YES;
				CLANG_WARN_EMPTY_BODY = YES;
				CLANG_WARN_ENUM_CONVERSION = YES;
				CLANG_WARN_INFINITE_RECURSION = YES;
				CLANG_WARN_INT_CONVERSION = YES;
				CLANG_WARN_NON_LITERAL_NULL_CONVERSION = YES;
				CLANG_WARN_OBJC_IMPLICIT_RETAIN_SELF = YES;
				CLANG_WARN_OBJC_LITERAL_CONVERSION = YES;
				CLANG_WARN_OBJC_ROOT_CLASS = YES_ERROR;
				CLANG_WARN_QUOTED_INCLUDE_IN_FRAMEWORK_HEADER = YES;
				CLANG_WARN_RANGE_LOOP_ANALYSIS = YES;
				CLANG_WARN_STRICT_PROTOTYPES = YES;
				CLANG_WARN_SUSPICIOUS_MOVE = YES;
				CLANG_WARN_UNGUARDED_AVAILABILITY = YES_AGGRESSIVE;
				CLANG_WARN_UNREACHABLE_CODE = YES;
				CLANG_WARN__DUPLICATE_METHOD_MATCH = YES;
				COPY_PHASE_STRIP = NO;
				DEBUG_INFORMATION_FORMAT = dwarf;
				ENABLE_STRICT_OBJC_MSGSEND = YES;
				ENABLE_TESTABILITY = YES;
				ENABLE_USER_SCRIPT_SANDBOXING = YES;
				GCC_C_LANGUAGE_STANDARD = gnu17;
				GCC_DYNAMIC_NO_PIC = NO;
				GCC_NO_COMMON_BLOCKS = YES;
				GCC_OPTIMIZATION_LEVEL = 0;
				GCC_PREPROCESSOR_DEFINITIONS = (
					"DEBUG=1",
					"$(inherited)",
				);
				GCC_WARN_64_TO_32_BIT_CONVERSION = YES;
				GCC_WARN_ABOUT_RETURN_TYPE = YES_ERROR;
				GCC_WARN_UNDECLARED_SELECTOR = YES;
				GCC_WARN_UNINITIALIZED_AUTOS = YES_AGGRESSIVE;
				GCC_WARN_UNUSED_FUNCTION = YES;
				GCC_WARN_UNUSED_VARIABLE = YES;
				IPHONEOS_DEPLOYMENT_TARGET = 17.0;
				LOCALIZATION_PREFERS_STRING_CATALOGS = YES;
				MTL_ENABLE_DEBUG_INFO = INCLUDE_SOURCE;
				MTL_FAST_MATH = YES;
				ONLY_ACTIVE_ARCH = YES;
				SDKROOT = iphoneos;
				SWIFT_ACTIVE_COMPILATION_CONDITIONS = "DEBUG $(inherited)";
				SWIFT_OPTIMIZATION_LEVEL = "-Onone";
			};
			name = Debug;
		};
		0400067C2AF4B38A00008D3A /* Release */ = {
			isa = XCBuildConfiguration;
			buildSettings = {
				ALWAYS_SEARCH_USER_PATHS = NO;
				ASSETCATALOG_COMPILER_GENERATE_SWIFT_ASSET_SYMBOL_EXTENSIONS = YES;
				CLANG_ANALYZER_NONNULL = YES;
				CLANG_ANALYZER_NUMBER_OBJECT_CONVERSION = YES_AGGRESSIVE;
				CLANG_CXX_LANGUAGE_STANDARD = "gnu++20";
				CLANG_ENABLE_MODULES = YES;
				CLANG_ENABLE_OBJC_ARC = YES;
				CLANG_ENABLE_OBJC_WEAK = YES;
				CLANG_WARN_BLOCK_CAPTURE_AUTORELEASING = YES;
				CLANG_WARN_BOOL_CONVERSION = YES;
				CLANG_WARN_COMMA = YES;
				CLANG_WARN_CONSTANT_CONVERSION = YES;
				CLANG_WARN_DEPRECATED_OBJC_IMPLEMENTATIONS = YES;
				CLANG_WARN_DIRECT_OBJC_ISA_USAGE = YES_ERROR;
				CLANG_WARN_DOCUMENTATION_COMMENTS = YES;
				CLANG_WARN_EMPTY_BODY = YES;
				CLANG_WARN_ENUM_CONVERSION = YES;
				CLANG_WARN_INFINITE_RECURSION = YES;
				CLANG_WARN_INT_CONVERSION = YES;
				CLANG_WARN_NON_LITERAL_NULL_CONVERSION = YES;
				CLANG_WARN_OBJC_IMPLICIT_RETAIN_SELF = YES;
				CLANG_WARN_OBJC_LITERAL_CONVERSION = YES;
				CLANG_WARN_OBJC_ROOT_CLASS = YES_ERROR;
				CLANG_WARN_QUOTED_INCLUDE_IN_FRAMEWORK_HEADER = YES;
				CLANG_WARN_RANGE_LOOP_ANALYSIS = YES;
				CLANG_WARN_STRICT_PROTOTYPES = YES;
				CLANG_WARN_SUSPICIOUS_MOVE = YES;
				CLANG_WARN_UNGUARDED_AVAILABILITY = YES_AGGRESSIVE;
				CLANG_WARN_UNREACHABLE_CODE = YES;
				CLANG_WARN__DUPLICATE_METHOD_MATCH = YES;
				COPY_PHASE_STRIP = NO;
				DEBUG_INFORMATION_FORMAT = "dwarf-with-dsym";
				ENABLE_NS_ASSERTIONS = NO;
				ENABLE_STRICT_OBJC_MSGSEND = YES;
				ENABLE_USER_SCRIPT_SANDBOXING = YES;
				GCC_C_LANGUAGE_STANDARD = gnu17;
				GCC_NO_COMMON_BLOCKS = YES;
				GCC_WARN_64_TO_32_BIT_CONVERSION = YES;
				GCC_WARN_ABOUT_RETURN_TYPE = YES_ERROR;
				GCC_WARN_UNDECLARED_SELECTOR = YES;
				GCC_WARN_UNINITIALIZED_AUTOS = YES_AGGRESSIVE;
				GCC_WARN_UNUSED_FUNCTION = YES;
				GCC_WARN_UNUSED_VARIABLE = YES;
				IPHONEOS_DEPLOYMENT_TARGET = 17.0;
				LOCALIZATION_PREFERS_STRING_CATALOGS = YES;
				MTL_ENABLE_DEBUG_INFO = NO;
				MTL_FAST_MATH = YES;
				SDKROOT = iphoneos;
				SWIFT_COMPILATION_MODE = wholemodule;
				VALIDATE_PRODUCT = YES;
			};
			name = Release;
		};
		0400067E2AF4B38A00008D3A /* Debug */ = {
			isa = XCBuildConfiguration;
			buildSettings = {
				ASSETCATALOG_COMPILER_APPICON_NAME = AppIcon;
				ASSETCATALOG_COMPILER_GLOBAL_ACCENT_COLOR_NAME = AccentColor;
				CODE_SIGN_STYLE = Automatic;
				CURRENT_PROJECT_VERSION = 1;
				GENERATE_INFOPLIST_FILE = YES;
				INFOPLIST_FILE = carrotmarket/Info.plist;
				INFOPLIST_KEY_UIApplicationSupportsIndirectInputEvents = YES;
				INFOPLIST_KEY_UILaunchStoryboardName = LaunchScreen;
				INFOPLIST_KEY_UISupportedInterfaceOrientations_iPad = "UIInterfaceOrientationPortrait UIInterfaceOrientationPortraitUpsideDown UIInterfaceOrientationLandscapeLeft UIInterfaceOrientationLandscapeRight";
				INFOPLIST_KEY_UISupportedInterfaceOrientations_iPhone = "UIInterfaceOrientationPortrait UIInterfaceOrientationLandscapeLeft UIInterfaceOrientationLandscapeRight";
				LD_RUNPATH_SEARCH_PATHS = (
					"$(inherited)",
					"@executable_path/Frameworks",
				);
				MARKETING_VERSION = 1.0;
				PRODUCT_BUNDLE_IDENTIFIER = com.lwj.carrotmarket;
				PRODUCT_NAME = "$(TARGET_NAME)";
				SWIFT_EMIT_LOC_STRINGS = YES;
				SWIFT_VERSION = 5.0;
				TARGETED_DEVICE_FAMILY = "1,2";
			};
			name = Debug;
		};
		0400067F2AF4B38A00008D3A /* Release */ = {
			isa = XCBuildConfiguration;
			buildSettings = {
				ASSETCATALOG_COMPILER_APPICON_NAME = AppIcon;
				ASSETCATALOG_COMPILER_GLOBAL_ACCENT_COLOR_NAME = AccentColor;
				CODE_SIGN_STYLE = Automatic;
				CURRENT_PROJECT_VERSION = 1;
				GENERATE_INFOPLIST_FILE = YES;
				INFOPLIST_FILE = carrotmarket/Info.plist;
				INFOPLIST_KEY_UIApplicationSupportsIndirectInputEvents = YES;
				INFOPLIST_KEY_UILaunchStoryboardName = LaunchScreen;
				INFOPLIST_KEY_UISupportedInterfaceOrientations_iPad = "UIInterfaceOrientationPortrait UIInterfaceOrientationPortraitUpsideDown UIInterfaceOrientationLandscapeLeft UIInterfaceOrientationLandscapeRight";
				INFOPLIST_KEY_UISupportedInterfaceOrientations_iPhone = "UIInterfaceOrientationPortrait UIInterfaceOrientationLandscapeLeft UIInterfaceOrientationLandscapeRight";
				LD_RUNPATH_SEARCH_PATHS = (
					"$(inherited)",
					"@executable_path/Frameworks",
				);
				MARKETING_VERSION = 1.0;
				PRODUCT_BUNDLE_IDENTIFIER = com.lwj.carrotmarket;
				PRODUCT_NAME = "$(TARGET_NAME)";
				SWIFT_EMIT_LOC_STRINGS = YES;
				SWIFT_VERSION = 5.0;
				TARGETED_DEVICE_FAMILY = "1,2";
			};
			name = Release;
		};
/* End XCBuildConfiguration section */

/* Begin XCConfigurationList section */
		040006642AF4B38900008D3A /* Build configuration list for PBXProject "baemin" */ = {
			isa = XCConfigurationList;
			buildConfigurations = (
				0400067B2AF4B38A00008D3A /* Debug */,
				0400067C2AF4B38A00008D3A /* Release */,
			);
			defaultConfigurationIsVisible = 0;
			defaultConfigurationName = Release;
		};
		0400067D2AF4B38A00008D3A /* Build configuration list for PBXNativeTarget "baemin" */ = {
			isa = XCConfigurationList;
			buildConfigurations = (
				0400067E2AF4B38A00008D3A /* Debug */,
				0400067F2AF4B38A00008D3A /* Release */,
			);
			defaultConfigurationIsVisible = 0;
			defaultConfigurationName = Release;
		};
/* End XCConfigurationList section */

/* Begin XCRemoteSwiftPackageReference section */
		040006822AF4B4C900008D3A /* XCRemoteSwiftPackageReference "SnapKit" */ = {
			isa = XCRemoteSwiftPackageReference;
			repositoryURL = "https://github.com/SnapKit/SnapKit.git";
			requirement = {
				kind = upToNextMajorVersion;
				minimumVersion = 5.6.0;
			};
		};
		040006872AF4B4D400008D3A /* XCRemoteSwiftPackageReference "Then" */ = {
			isa = XCRemoteSwiftPackageReference;
			repositoryURL = "https://github.com/devxoul/Then";
			requirement = {
				kind = upToNextMajorVersion;
				minimumVersion = 3.0.0;
			};
		};
/* End XCRemoteSwiftPackageReference section */

/* Begin XCSwiftPackageProductDependency section */
		040006832AF4B4CA00008D3A /* SnapKit */ = {
			isa = XCSwiftPackageProductDependency;
			package = 040006822AF4B4C900008D3A /* XCRemoteSwiftPackageReference "SnapKit" */;
			productName = SnapKit;
		};
		040006852AF4B4CA00008D3A /* SnapKit-Dynamic */ = {
			isa = XCSwiftPackageProductDependency;
			package = 040006822AF4B4C900008D3A /* XCRemoteSwiftPackageReference "SnapKit" */;
			productName = "SnapKit-Dynamic";
		};
		040006882AF4B4D400008D3A /* Then */ = {
			isa = XCSwiftPackageProductDependency;
			package = 040006872AF4B4D400008D3A /* XCRemoteSwiftPackageReference "Then" */;
			productName = Then;
		};
/* End XCSwiftPackageProductDependency section */
	};
	rootObject = 040006612AF4B38900008D3A /* Project object */;
}
